
Microsoft Visual Studio Solution File, Format Version 12.00
# Visual Studio Version 16
VisualStudioVersion = 16.0.31105.61
MinimumVisualStudioVersion = 10.0.40219.1
Project("{FAE04EC0-301F-11D3-BF4B-00C04F79EFBC}") = "WebQueue", "WebQueue\WebQueue.csproj", "{3FBBC26B-D689-45F8-A7C8-0EA6127D7082}"
EndProject
Global
	GlobalSection(SolutionConfigurationPlatforms) = preSolution
		Debug|Any CPU = Debug|Any CPU
		Release|Any CPU = Release|Any CPU
	EndGlobalSection
	GlobalSection(ProjectConfigurationPlatforms) = postSolution
		{3FBBC26B-D689-45F8-A7C8-0EA6127D7082}.Debug|Any CPU.ActiveCfg = Debug|Any CPU
		{3FBBC26B-D689-45F8-A7C8-0EA6127D7082}.Debug|Any CPU.Build.0 = Debug|Any CPU
		{3FBBC26B-D689-45F8-A7C8-0EA6127D7082}.Release|Any CPU.ActiveCfg = Release|Any CPU
		{3FBBC26B-D689-45F8-A7C8-0EA6127D7082}.Release|Any CPU.Build.0 = Release|Any CPU
	EndGlobalSection
	GlobalSection(SolutionProperties) = preSolution
		HideSolutionNode = FALSE
	EndGlobalSection
	GlobalSection(ExtensibilityGlobals) = postSolution
		SolutionGuid = {0876943A-E38A-45AD-BB9A-F68F4BE7D1B8}
	EndGlobalSection
EndGlobal
